
Microsoft Visual Studio Solution File, Format Version 12.00
# Visual Studio Version 17
VisualStudioVersion = 17.3.32825.248
MinimumVisualStudioVersion = 10.0.40219.1
Project("{FAE04EC0-301F-11D3-BF4B-00C04F79EFBC}") = "Desktop_Quiz", "Desktop_Quiz\Desktop_Quiz.csproj", "{3DC0DCED-4CA7-4BF9-9C17-3422715369E1}"
EndProject
Global
	GlobalSection(SolutionConfigurationPlatforms) = preSolution
		Debug|Any CPU = Debug|Any CPU
		Release|Any CPU = Release|Any CPU
	EndGlobalSection
	GlobalSection(ProjectConfigurationPlatforms) = postSolution
		{3DC0DCED-4CA7-4BF9-9C17-3422715369E1}.Debug|Any CPU.ActiveCfg = Debug|Any CPU
		{3DC0DCED-4CA7-4BF9-9C17-3422715369E1}.Debug|Any CPU.Build.0 = Debug|Any CPU
		{3DC0DCED-4CA7-4BF9-9C17-3422715369E1}.Release|Any CPU.ActiveCfg = Release|Any CPU
		{3DC0DCED-4CA7-4BF9-9C17-3422715369E1}.Release|Any CPU.Build.0 = Release|Any CPU
	EndGlobalSection
	GlobalSection(SolutionProperties) = preSolution
		HideSolutionNode = FALSE
	EndGlobalSection
	GlobalSection(ExtensibilityGlobals) = postSolution
		SolutionGuid = {0F56677B-5BCA-4A96-B64B-A914B41633D9}
	EndGlobalSection
EndGlobal
